dependencies:
- name: kubevirt-vm
  repository: https://cloudymax.github.io/kubevirt-community-stack
  version: 0.4.10
- name: kubevirt-vm
  repository: https://cloudymax.github.io/kubevirt-community-stack
  version: 0.4.10
digest: sha256:8f8b741d09d8e7aa9acfc847d569f0864e5c88868308dbcfdae1e4fbbc7ac84f
generated: "2025-01-12T10:36:34.887808707+01:00"
