dependencies:
- name: kubevirt-cdi
  repository: https://cloudymax.github.io/kubevirt-community-stack
  version: 0.4.0
- name: kubevirt
  repository: https://cloudymax.github.io/kubevirt-community-stack
  version: 0.5.0
- name: kubevirt-manager
  repository: https://cloudymax.github.io/kubevirt-community-stack
  version: 0.3.0
- name: cluster-api-operator
  repository: https://cloudymax.github.io/kubevirt-community-stack
  version: 2.1.0
digest: sha256:ed965e36b9738cd59881212f31fcf5cce115480463189a5d75c5c625d2ed51cd
generated: "2026-02-21T15:47:40.530663321+01:00"
