dependencies:
- name: kubevirt-cdi
  repository: https://cloudymax.github.io/kubevirt-community-stack
  version: 0.4.0
- name: kubevirt
  repository: https://cloudymax.github.io/kubevirt-community-stack
  version: 0.5.0
- name: kubevirt-manager
  repository: https://cloudymax.github.io/kubevirt-community-stack
  version: 0.3.0
- name: cluster-api-operator
  repository: https://cloudymax.github.io/kubevirt-community-stack
  version: 2.0.0
digest: sha256:aa1057cf4246b26d013a8349a7b09a4a1eec36e49bee97c82071fbb9a93bd8d9
generated: "2026-02-21T15:09:07.222292412+01:00"
